
Microsoft Visual Studio Solution File, Format Version 12.00
# Visual Studio Version 17
VisualStudioVersion = 17.0.31903.59
MinimumVisualStudioVersion = 10.0.40219.1
Project("{FAE04EC0-301F-11D3-BF4B-00C04F79EFBC}") = "AutoChoosing.Core", "AutoChoosing.Core\AutoChoosing.Core.csproj", "{CF750C08-9010-45EB-BE99-57501741C55A}"
EndProject
Project("{2150E333-8FDC-42A3-9474-1A3956D46DE8}") = "Solution", "Solution", "{BB7BDAE2-658D-424C-A6E0-02A95667143D}"
	ProjectSection(SolutionItems) = preProject
		NuGet.Config = NuGet.Config
		README.md = README.md
	EndProjectSection
EndProject
Project("{2150E333-8FDC-42A3-9474-1A3956D46DE8}") = "src", "src", "{628F9947-00E4-402B-BAB3-C8C49D29B102}"
EndProject
Project("{2150E333-8FDC-42A3-9474-1A3956D46DE8}") = "test", "test", "{5D456E3A-B4A8-474B-B1A7-DA78484C85ED}"
EndProject
Project("{FAE04EC0-301F-11D3-BF4B-00C04F79EFBC}") = "AutoChoosing.Win", "AutoChoosing.Win\AutoChoosing.Win.csproj", "{ED04A330-78EF-4662-ADD2-D2A9738F5AAC}"
EndProject
Global
	GlobalSection(SolutionConfigurationPlatforms) = preSolution
		Debug|Any CPU = Debug|Any CPU
		Release|Any CPU = Release|Any CPU
	EndGlobalSection
	GlobalSection(ProjectConfigurationPlatforms) = postSolution
		{CF750C08-9010-45EB-BE99-57501741C55A}.Debug|Any CPU.ActiveCfg = Debug|Any CPU
		{CF750C08-9010-45EB-BE99-57501741C55A}.Debug|Any CPU.Build.0 = Debug|Any CPU
		{CF750C08-9010-45EB-BE99-57501741C55A}.Release|Any CPU.ActiveCfg = Release|Any CPU
		{CF750C08-9010-45EB-BE99-57501741C55A}.Release|Any CPU.Build.0 = Release|Any CPU
		{ED04A330-78EF-4662-ADD2-D2A9738F5AAC}.Debug|Any CPU.ActiveCfg = Debug|Any CPU
		{ED04A330-78EF-4662-ADD2-D2A9738F5AAC}.Debug|Any CPU.Build.0 = Debug|Any CPU
		{ED04A330-78EF-4662-ADD2-D2A9738F5AAC}.Release|Any CPU.ActiveCfg = Release|Any CPU
		{ED04A330-78EF-4662-ADD2-D2A9738F5AAC}.Release|Any CPU.Build.0 = Release|Any CPU
	EndGlobalSection
	GlobalSection(SolutionProperties) = preSolution
		HideSolutionNode = FALSE
	EndGlobalSection
	GlobalSection(NestedProjects) = preSolution
		{CF750C08-9010-45EB-BE99-57501741C55A} = {628F9947-00E4-402B-BAB3-C8C49D29B102}
		{ED04A330-78EF-4662-ADD2-D2A9738F5AAC} = {628F9947-00E4-402B-BAB3-C8C49D29B102}
	EndGlobalSection
	GlobalSection(ExtensibilityGlobals) = postSolution
		SolutionGuid = {03F20541-EBE1-46F9-96B2-3023C94558A5}
	EndGlobalSection
EndGlobal
